// !$*UTF8*$!
{
	archiveVersion = 1;
	classes = {
	};
	objectVersion = 56;
	objects = {

/* Begin PBXBuildFile section */
		9489F18F2A09AF560072D29B /* RegistrationTableViewController.swift in Sources */ = {isa = PBXBuildFile; fileRef = 9489F18E2A09AF560072D29B /* RegistrationTableViewController.swift */; };
		949941DB2A09675B007A6DCB /* AppDelegate.swift in Sources */ = {isa = PBXBuildFile; fileRef = 949941DA2A09675B007A6DCB /* AppDelegate.swift */; };
		949941DD2A09675B007A6DCB /* SceneDelegate.swift in Sources */ = {isa = PBXBuildFile; fileRef = 949941DC2A09675B007A6DCB /* SceneDelegate.swift */; };
		949941DF2A09675B007A6DCB /* ViewController.swift in Sources */ = {isa = PBXBuildFile; fileRef = 949941DE2A09675B007A6DCB /* ViewController.swift */; };
		949941E22A09675C007A6DCB /* Main.storyboard in Resources */ = {isa = PBXBuildFile; fileRef = 949941E02A09675C007A6DCB /* Main.storyboard */; };
		949941E42A09675D007A6DCB /* Assets.xcassets in Resources */ = {isa = PBXBuildFile; fileRef = 949941E32A09675D007A6DCB /* Assets.xcassets */; };
		949941E72A09675D007A6DCB /* LaunchScreen.storyboard in Resources */ = {isa = PBXBuildFile; fileRef = 949941E52A09675D007A6DCB /* LaunchScreen.storyboard */; };
		949941EF2A0967D1007A6DCB /* AddRegistrationTableViewController.swift in Sources */ = {isa = PBXBuildFile; fileRef = 949941EE2A0967D1007A6DCB /* AddRegistrationTableViewController.swift */; };
		949941F12A09885F007A6DCB /* RoomType.swift in Sources */ = {isa = PBXBuildFile; fileRef = 949941F02A09885F007A6DCB /* RoomType.swift */; };
		949941F32A099DA0007A6DCB /* Registration.swift in Sources */ = {isa = PBXBuildFile; fileRef = 949941F22A099D9F007A6DCB /* Registration.swift */; };
		949941F52A099E8B007A6DCB /* SelectRoomTypeTableViewController.swift in Sources */ = {isa = PBXBuildFile; fileRef = 949941F42A099E8B007A6DCB /* SelectRoomTypeTableViewController.swift */; };
/* End PBXBuildFile section */

/* Begin PBXFileReference section */
		9489F18E2A09AF560072D29B /* RegistrationTableViewController.swift */ = {isa = PBXFileReference; lastKnownFileType = sourcecode.swift; path = RegistrationTableViewController.swift; sourceTree = "<group>"; };
		949941D72A09675B007A6DCB /* HotelManzanaStoryBoard.app */ = {isa = PBXFileReference; explicitFileType = wrapper.application; includeInIndex = 0; path = HotelManzanaStoryBoard.app; sourceTree = BUILT_PRODUCTS_DIR; };
		949941DA2A09675B007A6DCB /* AppDelegate.swift */ = {isa = PBXFileReference; lastKnownFileType = sourcecode.swift; path = AppDelegate.swift; sourceTree = "<group>"; };
		949941DC2A09675B007A6DCB /* SceneDelegate.swift */ = {isa = PBXFileReference; lastKnownFileType = sourcecode.swift; path = SceneDelegate.swift; sourceTree = "<group>"; };
		949941DE2A09675B007A6DCB /* ViewController.swift */ = {isa = PBXFileReference; lastKnownFileType = sourcecode.swift; path = ViewController.swift; sourceTree = "<group>"; };
		949941E12A09675C007A6DCB /* Base */ = {isa = PBXFileReference; lastKnownFileType = file.storyboard; name = Base; path = Base.lproj/Main.storyboard; sourceTree = "<group>"; };
		949941E32A09675D007A6DCB /* Assets.xcassets */ = {isa = PBXFileReference; lastKnownFileType = folder.assetcatalog; path = Assets.xcassets; sourceTree = "<group>"; };
		949941E62A09675D007A6DCB /* Base */ = {isa = PBXFileReference; lastKnownFileType = file.storyboard; name = Base; path = Base.lproj/LaunchScreen.storyboard; sourceTree = "<group>"; };
		949941E82A09675D007A6DCB /* Info.plist */ = {isa = PBXFileReference; lastKnownFileType = text.plist.xml; path = Info.plist; sourceTree = "<group>"; };
		949941EE2A0967D1007A6DCB /* AddRegistrationTableViewController.swift */ = {isa = PBXFileReference; lastKnownFileType = sourcecode.swift; path = AddRegistrationTableViewController.swift; sourceTree = "<group>"; };
		949941F02A09885F007A6DCB /* RoomType.swift */ = {isa = PBXFileReference; lastKnownFileType = sourcecode.swift; path = RoomType.swift; sourceTree = "<group>"; };
		949941F22A099D9F007A6DCB /* Registration.swift */ = {isa = PBXFileReference; lastKnownFileType = sourcecode.swift; path = Registration.swift; sourceTree = "<group>"; };
		949941F42A099E8B007A6DCB /* SelectRoomTypeTableViewController.swift */ = {isa = PBXFileReference; lastKnownFileType = sourcecode.swift; path = SelectRoomTypeTableViewController.swift; sourceTree = "<group>"; };
/* End PBXFileReference section */

/* Begin PBXFrameworksBuildPhase section */
		949941D42A09675B007A6DCB /* Frameworks */ = {
			isa = PBXFrameworksBuildPhase;
			buildActionMask = 2147483647;
			files = (
			);
			runOnlyForDeploymentPostprocessing = 0;
		};
/* End PBXFrameworksBuildPhase section */

/* Begin PBXGroup section */
		949941CE2A09675B007A6DCB = {
			isa = PBXGroup;
			children = (
				949941D92A09675B007A6DCB /* HotelManzanaStoryBoard */,
				949941D82A09675B007A6DCB /* Products */,
			);
			sourceTree = "<group>";
		};
		949941D82A09675B007A6DCB /* Products */ = {
			isa = PBXGroup;
			children = (
				949941D72A09675B007A6DCB /* HotelManzanaStoryBoard.app */,
			);
			name = Products;
			sourceTree = "<group>";
		};
		949941D92A09675B007A6DCB /* HotelManzanaStoryBoard */ = {
			isa = PBXGroup;
			children = (
				949941DA2A09675B007A6DCB /* AppDelegate.swift */,
				949941DC2A09675B007A6DCB /* SceneDelegate.swift */,
				949941DE2A09675B007A6DCB /* ViewController.swift */,
				9489F18E2A09AF560072D29B /* RegistrationTableViewController.swift */,
				949941EE2A0967D1007A6DCB /* AddRegistrationTableViewController.swift */,
				949941F02A09885F007A6DCB /* RoomType.swift */,
				949941F42A099E8B007A6DCB /* SelectRoomTypeTableViewController.swift */,
				949941F22A099D9F007A6DCB /* Registration.swift */,
				949941E02A09675C007A6DCB /* Main.storyboard */,
				949941E32A09675D007A6DCB /* Assets.xcassets */,
				949941E52A09675D007A6DCB /* LaunchScreen.storyboard */,
				949941E82A09675D007A6DCB /* Info.plist */,
			);
			path = HotelManzanaStoryBoard;
			sourceTree = "<group>";
		};
/* End PBXGroup section */

/* Begin PBXNativeTarget section */
		949941D62A09675B007A6DCB /* HotelManzanaStoryBoard */ = {
			isa = PBXNativeTarget;
			buildConfigurationList = 949941EB2A09675D007A6DCB /* Build configuration list for PBXNativeTarget "HotelManzanaStoryBoard" */;
			buildPhases = (
				949941D32A09675B007A6DCB /* Sources */,
				949941D42A09675B007A6DCB /* Frameworks */,
				949941D52A09675B007A6DCB /* Resources */,
			);
			buildRules = (
			);
			dependencies = (
			);
			name = HotelManzanaStoryBoard;
			productName = HotelManzanaStoryBoard;
			productReference = 949941D72A09675B007A6DCB /* HotelManzanaStoryBoard.app */;
			productType = "com.apple.product-type.application";
		};
/* End PBXNativeTarget section */

/* Begin PBXProject section */
		949941CF2A09675B007A6DCB /* Project object */ = {
			isa = PBXProject;
			attributes = {
				BuildIndependentTargetsInParallel = 1;
				LastSwiftUpdateCheck = 1430;
				LastUpgradeCheck = 1430;
				TargetAttributes = {
					949941D62A09675B007A6DCB = {
						CreatedOnToolsVersion = 14.3;
					};
				};
			};
			buildConfigurationList = 949941D22A09675B007A6DCB /* Build configuration list for PBXProject "HotelManzanaStoryBoard" */;
			compatibilityVersion = "Xcode 14.0";
			developmentRegion = en;
			hasScannedForEncodings = 0;
			knownRegions = (
				en,
				Base,
			);
			mainGroup = 949941CE2A09675B007A6DCB;
			productRefGroup = 949941D82A09675B007A6DCB /* Products */;
			projectDirPath = "";
			projectRoot = "";
			targets = (
				949941D62A09675B007A6DCB /* HotelManzanaStoryBoard */,
			);
		};
/* End PBXProject section */

/* Begin PBXResourcesBuildPhase section */
		949941D52A09675B007A6DCB /* Resources */ = {
			isa = PBXResourcesBuildPhase;
			buildActionMask = 2147483647;
			files = (
				949941E72A09675D007A6DCB /* LaunchScreen.storyboard in Resources */,
				949941E42A09675D007A6DCB /* Assets.xcassets in Resources */,
				949941E22A09675C007A6DCB /* Main.storyboard in Resources */,
			);
			runOnlyForDeploymentPostprocessing = 0;
		};
/* End PBXResourcesBuildPhase section */

/* Begin PBXSourcesBuildPhase section */
		949941D32A09675B007A6DCB /* Sources */ = {
			isa = PBXSourcesBuildPhase;
			buildActionMask = 2147483647;
			files = (
				949941DF2A09675B007A6DCB /* ViewController.swift in Sources */,
				949941DB2A09675B007A6DCB /* AppDelegate.swift in Sources */,
				9489F18F2A09AF560072D29B /* RegistrationTableViewController.swift in Sources */,
				949941F12A09885F007A6DCB /* RoomType.swift in Sources */,
				949941EF2A0967D1007A6DCB /* AddRegistrationTableViewController.swift in Sources */,
				949941F32A099DA0007A6DCB /* Registration.swift in Sources */,
				949941F52A099E8B007A6DCB /* SelectRoomTypeTableViewController.swift in Sources */,
				949941DD2A09675B007A6DCB /* SceneDelegate.swift in Sources */,
			);
			runOnlyForDeploymentPostprocessing = 0;
		};
/* End PBXSourcesBuildPhase section */

/* Begin PBXVariantGroup section */
		949941E02A09675C007A6DCB /* Main.storyboard */ = {
			isa = PBXVariantGroup;
			children = (
				949941E12A09675C007A6DCB /* Base */,
			);
			name = Main.storyboard;
			sourceTree = "<group>";
		};
		949941E52A09675D007A6DCB /* LaunchScreen.storyboard */ = {
			isa = PBXVariantGroup;
			children = (
				949941E62A09675D007A6DCB /* Base */,
			);
			name = LaunchScreen.storyboard;
			sourceTree = "<group>";
		};
/* End PBXVariantGroup section */

/* Begin XCBuildConfiguration section */
		949941E92A09675D007A6DCB /* Debug */ = {
			isa = XCBuildConfiguration;
			buildSettings = {
				ALWAYS_SEARCH_USER_PATHS = NO;
				CLANG_ANALYZER_NONNULL = YES;
				CLANG_ANALYZER_NUMBER_OBJECT_CONVERSION = YES_AGGRESSIVE;
				CLANG_CXX_LANGUAGE_STANDARD = "gnu++20";
				CLANG_ENABLE_MODULES = YES;
				CLANG_ENABLE_OBJC_ARC = YES;
				CLANG_ENABLE_OBJC_WEAK = YES;
				CLANG_WARN_BLOCK_CAPTURE_AUTORELEASING = YES;
				CLANG_WARN_BOOL_CONVERSION = YES;
				CLANG_WARN_COMMA = YES;
				CLANG_WARN_CONSTANT_CONVERSION = YES;
				CLANG_WARN_DEPRECATED_OBJC_IMPLEMENTATIONS = YES;
				CLANG_WARN_DIRECT_OBJC_ISA_USAGE = YES_ERROR;
				CLANG_WARN_DOCUMENTATION_COMMENTS = YES;
				CLANG_WARN_EMPTY_BODY = YES;
				CLANG_WARN_ENUM_CONVERSION = YES;
				CLANG_WARN_INFINITE_RECURSION = YES;
				CLANG_WARN_INT_CONVERSION = YES;
				CLANG_WARN_NON_LITERAL_NULL_CONVERSION = YES;
				CLANG_WARN_OBJC_IMPLICIT_RETAIN_SELF = YES;
				CLANG_WARN_OBJC_LITERAL_CONVERSION = YES;
				CLANG_WARN_OBJC_ROOT_CLASS = YES_ERROR;
				CLANG_WARN_QUOTED_INCLUDE_IN_FRAMEWORK_HEADER = YES;
				CLANG_WARN_RANGE_LOOP_ANALYSIS = YES;
				CLANG_WARN_STRICT_PROTOTYPES = YES;
				CLANG_WARN_SUSPICIOUS_MOVE = YES;
				CLANG_WARN_UNGUARDED_AVAILABILITY = YES_AGGRESSIVE;
				CLANG_WARN_UNREACHABLE_CODE = YES;
				CLANG_WARN__DUPLICATE_METHOD_MATCH = YES;
				COPY_PHASE_STRIP = NO;
				DEBUG_INFORMATION_FORMAT = dwarf;
				ENABLE_STRICT_OBJC_MSGSEND = YES;
				ENABLE_TESTABILITY = YES;
				GCC_C_LANGUAGE_STANDARD = gnu11;
				GCC_DYNAMIC_NO_PIC = NO;
				GCC_NO_COMMON_BLOCKS = YES;
				GCC_OPTIMIZATION_LEVEL = 0;
				GCC_PREPROCESSOR_DEFINITIONS = (
					"DEBUG=1",
					"$(inherited)",
				);
				GCC_WARN_64_TO_32_BIT_CONVERSION = YES;
				GCC_WARN_ABOUT_RETURN_TYPE = YES_ERROR;
				GCC_WARN_UNDECLARED_SELECTOR = YES;
				GCC_WARN_UNINITIALIZED_AUTOS = YES_AGGRESSIVE;
				GCC_WARN_UNUSED_FUNCTION = YES;
				GCC_WARN_UNUSED_VARIABLE = YES;
				IPHONEOS_DEPLOYMENT_TARGET = 16.4;
				MTL_ENABLE_DEBUG_INFO = INCLUDE_SOURCE;
				MTL_FAST_MATH = YES;
				ONLY_ACTIVE_ARCH = YES;
				SDKROOT = iphoneos;
				SWIFT_ACTIVE_COMPILATION_CONDITIONS = DEBUG;
				SWIFT_OPTIMIZATION_LEVEL = "-Onone";
			};
			name = Debug;
		};
		949941EA2A09675D007A6DCB /* Release */ = {
			isa = XCBuildConfiguration;
			buildSettings = {
				ALWAYS_SEARCH_USER_PATHS = NO;
				CLANG_ANALYZER_NONNULL = YES;
				CLANG_ANALYZER_NUMBER_OBJECT_CONVERSION = YES_AGGRESSIVE;
				CLANG_CXX_LANGUAGE_STANDARD = "gnu++20";
				CLANG_ENABLE_MODULES = YES;
				CLANG_ENABLE_OBJC_ARC = YES;
				CLANG_ENABLE_OBJC_WEAK = YES;
				CLANG_WARN_BLOCK_CAPTURE_AUTORELEASING = YES;
				CLANG_WARN_BOOL_CONVERSION = YES;
				CLANG_WARN_COMMA = YES;
				CLANG_WARN_CONSTANT_CONVERSION = YES;
				CLANG_WARN_DEPRECATED_OBJC_IMPLEMENTATIONS = YES;
				CLANG_WARN_DIRECT_OBJC_ISA_USAGE = YES_ERROR;
				CLANG_WARN_DOCUMENTATION_COMMENTS = YES;
				CLANG_WARN_EMPTY_BODY = YES;
				CLANG_WARN_ENUM_CONVERSION = YES;
				CLANG_WARN_INFINITE_RECURSION = YES;
				CLANG_WARN_INT_CONVERSION = YES;
				CLANG_WARN_NON_LITERAL_NULL_CONVERSION = YES;
				CLANG_WARN_OBJC_IMPLICIT_RETAIN_SELF = YES;
				CLANG_WARN_OBJC_LITERAL_CONVERSION = YES;
				CLANG_WARN_OBJC_ROOT_CLASS = YES_ERROR;
				CLANG_WARN_QUOTED_INCLUDE_IN_FRAMEWORK_HEADER = YES;
				CLANG_WARN_RANGE_LOOP_ANALYSIS = YES;
				CLANG_WARN_STRICT_PROTOTYPES = YES;
				CLANG_WARN_SUSPICIOUS_MOVE = YES;
				CLANG_WARN_UNGUARDED_AVAILABILITY = YES_AGGRESSIVE;
				CLANG_WARN_UNREACHABLE_CODE = YES;
				CLANG_WARN__DUPLICATE_METHOD_MATCH = YES;
				COPY_PHASE_STRIP = NO;
				DEBUG_INFORMATION_FORMAT = "dwarf-with-dsym";
				ENABLE_NS_ASSERTIONS = NO;
				ENABLE_STRICT_OBJC_MSGSEND = YES;
				GCC_C_LANGUAGE_STANDARD = gnu11;
				GCC_NO_COMMON_BLOCKS = YES;
				GCC_WARN_64_TO_32_BIT_CONVERSION = YES;
				GCC_WARN_ABOUT_RETURN_TYPE = YES_ERROR;
				GCC_WARN_UNDECLARED_SELECTOR = YES;
				GCC_WARN_UNINITIALIZED_AUTOS = YES_AGGRESSIVE;
				GCC_WARN_UNUSED_FUNCTION = YES;
				GCC_WARN_UNUSED_VARIABLE = YES;
				IPHONEOS_DEPLOYMENT_TARGET = 16.4;
				MTL_ENABLE_DEBUG_INFO = NO;
				MTL_FAST_MATH = YES;
				SDKROOT = iphoneos;
				SWIFT_COMPILATION_MODE = wholemodule;
				SWIFT_OPTIMIZATION_LEVEL = "-O";
				VALIDATE_PRODUCT = YES;
			};
			name = Release;
		};
		949941EC2A09675D007A6DCB /* Debug */ = {
			isa = XCBuildConfiguration;
			buildSettings = {
				ASSETCATALOG_COMPILER_APPICON_NAME = AppIcon;
				ASSETCATALOG_COMPILER_GLOBAL_ACCENT_COLOR_NAME = AccentColor;
				CODE_SIGN_STYLE = Automatic;
				CURRENT_PROJECT_VERSION = 1;
				DEVELOPMENT_TEAM = F76964K9T3;
				GENERATE_INFOPLIST_FILE = YES;
				INFOPLIST_FILE = HotelManzanaStoryBoard/Info.plist;
				INFOPLIST_KEY_UIApplicationSupportsIndirectInputEvents = YES;
				INFOPLIST_KEY_UILaunchStoryboardName = LaunchScreen;
				INFOPLIST_KEY_UIMainStoryboardFile = Main;
				INFOPLIST_KEY_UISupportedInterfaceOrientations_iPad = "UIInterfaceOrientationPortrait UIInterfaceOrientationPortraitUpsideDown UIInterfaceOrientationLandscapeLeft UIInterfaceOrientationLandscapeRight";
				INFOPLIST_KEY_UISupportedInterfaceOrientations_iPhone = "UIInterfaceOrientationPortrait UIInterfaceOrientationLandscapeLeft UIInterfaceOrientationLandscapeRight";
				LD_RUNPATH_SEARCH_PATHS = (
					"$(inherited)",
					"@executable_path/Frameworks",
				);
				MARKETING_VERSION = 1.0;
				PRODUCT_BUNDLE_IDENTIFIER = com.example.HotelManzanaStoryBoard;
				PRODUCT_NAME = "$(TARGET_NAME)";
				SWIFT_EMIT_LOC_STRINGS = YES;
				SWIFT_VERSION = 5.0;
				TARGETED_DEVICE_FAMILY = "1,2";
			};
			name = Debug;
		};
		949941ED2A09675D007A6DCB /* Release */ = {
			isa = XCBuildConfiguration;
			buildSettings = {
				ASSETCATALOG_COMPILER_APPICON_NAME = AppIcon;
				ASSETCATALOG_COMPILER_GLOBAL_ACCENT_COLOR_NAME = AccentColor;
				CODE_SIGN_STYLE = Automatic;
				CURRENT_PROJECT_VERSION = 1;
				DEVELOPMENT_TEAM = F76964K9T3;
				GENERATE_INFOPLIST_FILE = YES;
				INFOPLIST_FILE = HotelManzanaStoryBoard/Info.plist;
				INFOPLIST_KEY_UIApplicationSupportsIndirectInputEvents = YES;
				INFOPLIST_KEY_UILaunchStoryboardName = LaunchScreen;
				INFOPLIST_KEY_UIMainStoryboardFile = Main;
				INFOPLIST_KEY_UISupportedInterfaceOrientations_iPad = "UIInterfaceOrientationPortrait UIInterfaceOrientationPortraitUpsideDown UIInterfaceOrientationLandscapeLeft UIInterfaceOrientationLandscapeRight";
				INFOPLIST_KEY_UISupportedInterfaceOrientations_iPhone = "UIInterfaceOrientationPortrait UIInterfaceOrientationLandscapeLeft UIInterfaceOrientationLandscapeRight";
				LD_RUNPATH_SEARCH_PATHS = (
					"$(inherited)",
					"@executable_path/Frameworks",
				);
				MARKETING_VERSION = 1.0;
				PRODUCT_BUNDLE_IDENTIFIER = com.example.HotelManzanaStoryBoard;
				PRODUCT_NAME = "$(TARGET_NAME)";
				SWIFT_EMIT_LOC_STRINGS = YES;
				SWIFT_VERSION = 5.0;
				TARGETED_DEVICE_FAMILY = "1,2";
			};
			name = Release;
		};
/* End XCBuildConfiguration section */

/* Begin XCConfigurationList section */
		949941D22A09675B007A6DCB /* Build configuration list for PBXProject "HotelManzanaStoryBoard" */ = {
			isa = XCConfigurationList;
			buildConfigurations = (
				949941E92A09675D007A6DCB /* Debug */,
				949941EA2A09675D007A6DCB /* Release */,
			);
			defaultConfigurationIsVisible = 0;
			defaultConfigurationName = Release;
		};
		949941EB2A09675D007A6DCB /* Build configuration list for PBXNativeTarget "HotelManzanaStoryBoard" */ = {
			isa = XCConfigurationList;
			buildConfigurations = (
				949941EC2A09675D007A6DCB /* Debug */,
				949941ED2A09675D007A6DCB /* Release */,
			);
			defaultConfigurationIsVisible = 0;
			defaultConfigurationName = Release;
		};
/* End XCConfigurationList section */
	};
	rootObject = 949941CF2A09675B007A6DCB /* Project object */;
}
